
Microsoft Visual Studio Solution File, Format Version 12.00
# Visual Studio 15
VisualStudioVersion = 15.0.28307.1082
MinimumVisualStudioVersion = 10.0.40219.1
Project("{FAE04EC0-301F-11D3-BF4B-00C04F79EFBC}") = "AppAldo.Android", "AppAldo\AppAldo.Android\AppAldo.Android.csproj", "{3FA7499E-A7EA-4589-B494-D9E81D41F309}"
EndProject
Project("{FAE04EC0-301F-11D3-BF4B-00C04F79EFBC}") = "AppAldo.iOS", "AppAldo\AppAldo.iOS\AppAldo.iOS.csproj", "{C11F263D-F523-4F91-BD79-2893C7A2D879}"
EndProject
Project("{FAE04EC0-301F-11D3-BF4B-00C04F79EFBC}") = "AppAldo", "AppAldo\AppAldo\AppAldo.csproj", "{5251179D-48D0-4E9B-AC28-04B31EB37925}"
EndProject
Global
	GlobalSection(SolutionConfigurationPlatforms) = preSolution
		Ad-Hoc|Any CPU = Ad-Hoc|Any CPU
		Ad-Hoc|iPhone = Ad-Hoc|iPhone
		Ad-Hoc|iPhoneSimulator = Ad-Hoc|iPhoneSimulator
		AppStore|Any CPU = AppStore|Any CPU
		AppStore|iPhone = AppStore|iPhone
		AppStore|iPhoneSimulator = AppStore|iPhoneSimulator
		Debug|Any CPU = Debug|Any CPU
		Debug|iPhone = Debug|iPhone
		Debug|iPhoneSimulator = Debug|iPhoneSimulator
		Release|Any CPU = Release|Any CPU
		Release|iPhone = Release|iPhone
		Release|iPhoneSimulator = Release|iPhoneSimulator
	EndGlobalSection
	GlobalSection(ProjectConfigurationPlatforms) = postSolution
		{3FA7499E-A7EA-4589-B494-D9E81D41F309}.Ad-Hoc|Any CPU.ActiveCfg = Release|Any CPU
		{3FA7499E-A7EA-4589-B494-D9E81D41F309}.Ad-Hoc|Any CPU.Build.0 = Release|Any CPU
		{3FA7499E-A7EA-4589-B494-D9E81D41F309}.Ad-Hoc|Any CPU.Deploy.0 = Release|Any CPU
		{3FA7499E-A7EA-4589-B494-D9E81D41F309}.Ad-Hoc|iPhone.ActiveCfg = Release|Any CPU
		{3FA7499E-A7EA-4589-B494-D9E81D41F309}.Ad-Hoc|iPhone.Build.0 = Release|Any CPU
		{3FA7499E-A7EA-4589-B494-D9E81D41F309}.Ad-Hoc|iPhone.Deploy.0 = Release|Any CPU
		{3FA7499E-A7EA-4589-B494-D9E81D41F309}.Ad-Hoc|iPhoneSimulator.ActiveCfg = Release|Any CPU
		{3FA7499E-A7EA-4589-B494-D9E81D41F309}.Ad-Hoc|iPhoneSimulator.Build.0 = Release|Any CPU
		{3FA7499E-A7EA-4589-B494-D9E81D41F309}.Ad-Hoc|iPhoneSimulator.Deploy.0 = Release|Any CPU
		{3FA7499E-A7EA-4589-B494-D9E81D41F309}.AppStore|Any CPU.ActiveCfg = Release|Any CPU
		{3FA7499E-A7EA-4589-B494-D9E81D41F309}.AppStore|Any CPU.Build.0 = Release|Any CPU
		{3FA7499E-A7EA-4589-B494-D9E81D41F309}.AppStore|Any CPU.Deploy.0 = Release|Any CPU
		{3FA7499E-A7EA-4589-B494-D9E81D41F309}.AppStore|iPhone.ActiveCfg = Release|Any CPU
		{3FA7499E-A7EA-4589-B494-D9E81D41F309}.AppStore|iPhone.Build.0 = Release|Any CPU
		{3FA7499E-A7EA-4589-B494-D9E81D41F309}.AppStore|iPhone.Deploy.0 = Release|Any CPU
		{3FA7499E-A7EA-4589-B494-D9E81D41F309}.AppStore|iPhoneSimulator.ActiveCfg = Release|Any CPU
		{3FA7499E-A7EA-4589-B494-D9E81D41F309}.AppStore|iPhoneSimulator.Build.0 = Release|Any CPU
		{3FA7499E-A7EA-4589-B494-D9E81D41F309}.AppStore|iPhoneSimulator.Deploy.0 = Release|Any CPU
		{3FA7499E-A7EA-4589-B494-D9E81D41F309}.Debug|Any CPU.ActiveCfg = Debug|Any CPU
		{3FA7499E-A7EA-4589-B494-D9E81D41F309}.Debug|Any CPU.Build.0 = Debug|Any CPU
		{3FA7499E-A7EA-4589-B494-D9E81D41F309}.Debug|Any CPU.Deploy.0 = Debug|Any CPU
		{3FA7499E-A7EA-4589-B494-D9E81D41F309}.Debug|iPhone.ActiveCfg = Debug|Any CPU
		{3FA7499E-A7EA-4589-B494-D9E81D41F309}.Debug|iPhone.Build.0 = Debug|Any CPU
		{3FA7499E-A7EA-4589-B494-D9E81D41F309}.Debug|iPhone.Deploy.0 = Debug|Any CPU
		{3FA7499E-A7EA-4589-B494-D9E81D41F309}.Debug|iPhoneSimulator.ActiveCfg = Debug|Any CPU
		{3FA7499E-A7EA-4589-B494-D9E81D41F309}.Debug|iPhoneSimulator.Build.0 = Debug|Any CPU
		{3FA7499E-A7EA-4589-B494-D9E81D41F309}.Debug|iPhoneSimulator.Deploy.0 = Debug|Any CPU
		{3FA7499E-A7EA-4589-B494-D9E81D41F309}.Release|Any CPU.ActiveCfg = Release|Any CPU
		{3FA7499E-A7EA-4589-B494-D9E81D41F309}.Release|Any CPU.Build.0 = Release|Any CPU
		{3FA7499E-A7EA-4589-B494-D9E81D41F309}.Release|Any CPU.Deploy.0 = Release|Any CPU
		{3FA7499E-A7EA-4589-B494-D9E81D41F309}.Release|iPhone.ActiveCfg = Release|Any CPU
		{3FA7499E-A7EA-4589-B494-D9E81D41F309}.Release|iPhone.Build.0 = Release|Any CPU
		{3FA7499E-A7EA-4589-B494-D9E81D41F309}.Release|iPhone.Deploy.0 = Release|Any CPU
		{3FA7499E-A7EA-4589-B494-D9E81D41F309}.Release|iPhoneSimulator.ActiveCfg = Release|Any CPU
		{3FA7499E-A7EA-4589-B494-D9E81D41F309}.Release|iPhoneSimulator.Build.0 = Release|Any CPU
		{3FA7499E-A7EA-4589-B494-D9E81D41F309}.Release|iPhoneSimulator.Deploy.0 = Release|Any CPU
		{C11F263D-F523-4F91-BD79-2893C7A2D879}.Ad-Hoc|Any CPU.ActiveCfg = Ad-Hoc|iPhone
		{C11F263D-F523-4F91-BD79-2893C7A2D879}.Ad-Hoc|Any CPU.Build.0 = Ad-Hoc|iPhone
		{C11F263D-F523-4F91-BD79-2893C7A2D879}.Ad-Hoc|Any CPU.Deploy.0 = Ad-Hoc|iPhone
		{C11F263D-F523-4F91-BD79-2893C7A2D879}.Ad-Hoc|iPhone.ActiveCfg = Ad-Hoc|iPhone
		{C11F263D-F523-4F91-BD79-2893C7A2D879}.Ad-Hoc|iPhone.Build.0 = Ad-Hoc|iPhone
		{C11F263D-F523-4F91-BD79-2893C7A2D879}.Ad-Hoc|iPhone.Deploy.0 = Ad-Hoc|iPhone
		{C11F263D-F523-4F91-BD79-2893C7A2D879}.Ad-Hoc|iPhoneSimulator.ActiveCfg = Ad-Hoc|iPhoneSimulator
		{C11F263D-F523-4F91-BD79-2893C7A2D879}.Ad-Hoc|iPhoneSimulator.Build.0 = Ad-Hoc|iPhoneSimulator
		{C11F263D-F523-4F91-BD79-2893C7A2D879}.Ad-Hoc|iPhoneSimulator.Deploy.0 = Ad-Hoc|iPhoneSimulator
		{C11F263D-F523-4F91-BD79-2893C7A2D879}.AppStore|Any CPU.ActiveCfg = AppStore|iPhone
		{C11F263D-F523-4F91-BD79-2893C7A2D879}.AppStore|Any CPU.Build.0 = AppStore|iPhone
		{C11F263D-F523-4F91-BD79-2893C7A2D879}.AppStore|Any CPU.Deploy.0 = AppStore|iPhone
		{C11F263D-F523-4F91-BD79-2893C7A2D879}.AppStore|iPhone.ActiveCfg = AppStore|iPhone
		{C11F263D-F523-4F91-BD79-2893C7A2D879}.AppStore|iPhone.Build.0 = AppStore|iPhone
		{C11F263D-F523-4F91-BD79-2893C7A2D879}.AppStore|iPhone.Deploy.0 = AppStore|iPhone
		{C11F263D-F523-4F91-BD79-2893C7A2D879}.AppStore|iPhoneSimulator.ActiveCfg = AppStore|iPhoneSimulator
		{C11F263D-F523-4F91-BD79-2893C7A2D879}.AppStore|iPhoneSimulator.Build.0 = AppStore|iPhoneSimulator
		{C11F263D-F523-4F91-BD79-2893C7A2D879}.AppStore|iPhoneSimulator.Deploy.0 = AppStore|iPhoneSimulator
		{C11F263D-F523-4F91-BD79-2893C7A2D879}.Debug|Any CPU.ActiveCfg = Debug|iPhoneSimulator
		{C11F263D-F523-4F91-BD79-2893C7A2D879}.Debug|Any CPU.Build.0 = Debug|iPhoneSimulator
		{C11F263D-F523-4F91-BD79-2893C7A2D879}.Debug|Any CPU.Deploy.0 = Debug|iPhoneSimulator
		{C11F263D-F523-4F91-BD79-2893C7A2D879}.Debug|iPhone.ActiveCfg = Debug|iPhone
		{C11F263D-F523-4F91-BD79-2893C7A2D879}.Debug|iPhone.Build.0 = Debug|iPhone
		{C11F263D-F523-4F91-BD79-2893C7A2D879}.Debug|iPhone.Deploy.0 = Debug|iPhone
		{C11F263D-F523-4F91-BD79-2893C7A2D879}.Debug|iPhoneSimulator.ActiveCfg = Debug|iPhoneSimulator
		{C11F263D-F523-4F91-BD79-2893C7A2D879}.Debug|iPhoneSimulator.Build.0 = Debug|iPhoneSimulator
		{C11F263D-F523-4F91-BD79-2893C7A2D879}.Debug|iPhoneSimulator.Deploy.0 = Debug|iPhoneSimulator
		{C11F263D-F523-4F91-BD79-2893C7A2D879}.Release|Any CPU.ActiveCfg = Release|iPhone
		{C11F263D-F523-4F91-BD79-2893C7A2D879}.Release|Any CPU.Build.0 = Release|iPhone
		{C11F263D-F523-4F91-BD79-2893C7A2D879}.Release|Any CPU.Deploy.0 = Release|iPhone
		{C11F263D-F523-4F91-BD79-2893C7A2D879}.Release|iPhone.ActiveCfg = Release|iPhone
		{C11F263D-F523-4F91-BD79-2893C7A2D879}.Release|iPhone.Build.0 = Release|iPhone
		{C11F263D-F523-4F91-BD79-2893C7A2D879}.Release|iPhone.Deploy.0 = Release|iPhone
		{C11F263D-F523-4F91-BD79-2893C7A2D879}.Release|iPhoneSimulator.ActiveCfg = Release|iPhoneSimulator
		{C11F263D-F523-4F91-BD79-2893C7A2D879}.Release|iPhoneSimulator.Build.0 = Release|iPhoneSimulator
		{C11F263D-F523-4F91-BD79-2893C7A2D879}.Release|iPhoneSimulator.Deploy.0 = Release|iPhoneSimulator
		{5251179D-48D0-4E9B-AC28-04B31EB37925}.Ad-Hoc|Any CPU.ActiveCfg = Debug|Any CPU
		{5251179D-48D0-4E9B-AC28-04B31EB37925}.Ad-Hoc|Any CPU.Build.0 = Debug|Any CPU
		{5251179D-48D0-4E9B-AC28-04B31EB37925}.Ad-Hoc|Any CPU.Deploy.0 = Debug|Any CPU
		{5251179D-48D0-4E9B-AC28-04B31EB37925}.Ad-Hoc|iPhone.ActiveCfg = Debug|Any CPU
		{5251179D-48D0-4E9B-AC28-04B31EB37925}.Ad-Hoc|iPhone.Build.0 = Debug|Any CPU
		{5251179D-48D0-4E9B-AC28-04B31EB37925}.Ad-Hoc|iPhone.Deploy.0 = Debug|Any CPU
		{5251179D-48D0-4E9B-AC28-04B31EB37925}.Ad-Hoc|iPhoneSimulator.ActiveCfg = Debug|Any CPU
		{5251179D-48D0-4E9B-AC28-04B31EB37925}.Ad-Hoc|iPhoneSimulator.Build.0 = Debug|Any CPU
		{5251179D-48D0-4E9B-AC28-04B31EB37925}.Ad-Hoc|iPhoneSimulator.Deploy.0 = Debug|Any CPU
		{5251179D-48D0-4E9B-AC28-04B31EB37925}.AppStore|Any CPU.ActiveCfg = Debug|Any CPU
		{5251179D-48D0-4E9B-AC28-04B31EB37925}.AppStore|Any CPU.Build.0 = Debug|Any CPU
		{5251179D-48D0-4E9B-AC28-04B31EB37925}.AppStore|Any CPU.Deploy.0 = Debug|Any CPU
		{5251179D-48D0-4E9B-AC28-04B31EB37925}.AppStore|iPhone.ActiveCfg = Debug|Any CPU
		{5251179D-48D0-4E9B-AC28-04B31EB37925}.AppStore|iPhone.Build.0 = Debug|Any CPU
		{5251179D-48D0-4E9B-AC28-04B31EB37925}.AppStore|iPhone.Deploy.0 = Debug|Any CPU
		{5251179D-48D0-4E9B-AC28-04B31EB37925}.AppStore|iPhoneSimulator.ActiveCfg = Debug|Any CPU
		{5251179D-48D0-4E9B-AC28-04B31EB37925}.AppStore|iPhoneSimulator.Build.0 = Debug|Any CPU
		{5251179D-48D0-4E9B-AC28-04B31EB37925}.AppStore|iPhoneSimulator.Deploy.0 = Debug|Any CPU
		{5251179D-48D0-4E9B-AC28-04B31EB37925}.Debug|Any CPU.ActiveCfg = Debug|Any CPU
		{5251179D-48D0-4E9B-AC28-04B31EB37925}.Debug|Any CPU.Build.0 = Debug|Any CPU
		{5251179D-48D0-4E9B-AC28-04B31EB37925}.Debug|Any CPU.Deploy.0 = Debug|Any CPU
		{5251179D-48D0-4E9B-AC28-04B31EB37925}.Debug|iPhone.ActiveCfg = Debug|Any CPU
		{5251179D-48D0-4E9B-AC28-04B31EB37925}.Debug|iPhone.Build.0 = Debug|Any CPU
		{5251179D-48D0-4E9B-AC28-04B31EB37925}.Debug|iPhone.Deploy.0 = Debug|Any CPU
		{5251179D-48D0-4E9B-AC28-04B31EB37925}.Debug|iPhoneSimulator.ActiveCfg = Debug|Any CPU
		{5251179D-48D0-4E9B-AC28-04B31EB37925}.Debug|iPhoneSimulator.Build.0 = Debug|Any CPU
		{5251179D-48D0-4E9B-AC28-04B31EB37925}.Debug|iPhoneSimulator.Deploy.0 = Debug|Any CPU
		{5251179D-48D0-4E9B-AC28-04B31EB37925}.Release|Any CPU.ActiveCfg = Release|Any CPU
		{5251179D-48D0-4E9B-AC28-04B31EB37925}.Release|Any CPU.Build.0 = Release|Any CPU
		{5251179D-48D0-4E9B-AC28-04B31EB37925}.Release|Any CPU.Deploy.0 = Release|Any CPU
		{5251179D-48D0-4E9B-AC28-04B31EB37925}.Release|iPhone.ActiveCfg = Release|Any CPU
		{5251179D-48D0-4E9B-AC28-04B31EB37925}.Release|iPhone.Build.0 = Release|Any CPU
		{5251179D-48D0-4E9B-AC28-04B31EB37925}.Release|iPhone.Deploy.0 = Release|Any CPU
		{5251179D-48D0-4E9B-AC28-04B31EB37925}.Release|iPhoneSimulator.ActiveCfg = Release|Any CPU
		{5251179D-48D0-4E9B-AC28-04B31EB37925}.Release|iPhoneSimulator.Build.0 = Release|Any CPU
		{5251179D-48D0-4E9B-AC28-04B31EB37925}.Release|iPhoneSimulator.Deploy.0 = Release|Any CPU
	EndGlobalSection
	GlobalSection(SolutionProperties) = preSolution
		HideSolutionNode = FALSE
	EndGlobalSection
	GlobalSection(ExtensibilityGlobals) = postSolution
		SolutionGuid = {7BDDD441-C3B4-4389-865F-0C2D404BEC6F}
	EndGlobalSection
EndGlobal
